lockfileVersion: '9.0'

settings:
  autoInstallPeers: true
  excludeLinksFromLockfile: false

importers:

  .:
    dependencies:
      '@netlify/blobs':
        specifier: ^8.1.0
        version: 8.1.0
      '@netlify/functions':
        specifier: ^2.8.2
        version: 2.8.2
      '@upstash/redis':
        specifier: ^1.34.3
        version: 1.34.3
      hono:
        specifier: ^4.6.5
        version: 4.6.5
    devDependencies:
      '@total-typescript/tsconfig':
        specifier: ^1.0.4
        version: 1.0.4
      typescript:
        specifier: ^5.6.3
        version: 5.6.3

packages:

  '@netlify/blobs@8.1.0':
    resolution: {integrity: sha512-9hIbusvAZjSGBJ42OyFC2AxsEph1LuKQahMWFcPGEIsOqIYHhMRkYA7wSUMhH7naydjNmllpcp3pJLOK4RhFaQ==}
    engines: {node: ^14.16.0 || >=16.0.0}

  '@netlify/functions@2.8.2':
    resolution: {integrity: sha512-DeoAQh8LuNPvBE4qsKlezjKj0PyXDryOFJfJKo3Z1qZLKzQ21sT314KQKPVjfvw6knqijj+IO+0kHXy/TJiqNA==}
    engines: {node: '>=14.0.0'}

  '@netlify/node-cookies@0.1.0':
    resolution: {integrity: sha512-OAs1xG+FfLX0LoRASpqzVntVV/RpYkgpI0VrUnw2u0Q1qiZUzcPffxRK8HF3gc4GjuhG5ahOEMJ9bswBiZPq0g==}
    engines: {node: ^14.16.0 || >=16.0.0}

  '@netlify/serverless-functions-api@1.26.1':
    resolution: {integrity: sha512-q3L9i3HoNfz0SGpTIS4zTcKBbRkxzCRpd169eyiTuk3IwcPC3/85mzLHranlKo2b+HYT0gu37YxGB45aD8A3Tw==}
    engines: {node: '>=18.0.0'}

  '@total-typescript/tsconfig@1.0.4':
    resolution: {integrity: sha512-fO4ctMPGz1kOFOQ4RCPBRBfMy3gDn+pegUfrGyUFRMv/Rd0ZM3/SHH3hFCYG4u6bPLG8OlmOGcBLDexvyr3A5w==}

  '@upstash/redis@1.34.3':
    resolution: {integrity: sha512-VT25TyODGy/8ljl7GADnJoMmtmJ1F8d84UXfGonRRF8fWYJz7+2J6GzW+a6ETGtk4OyuRTt7FRSvFG5GvrfSdQ==}

  crypto-js@4.2.0:
    resolution: {integrity: sha512-KALDyEYgpY+Rlob/iriUtjV6d5Eq+Y191A5g4UqLAi8CyGP9N1+FdVbkc1SxKc2r4YAYqG8JzO2KGL+AizD70Q==}

  hono@4.6.5:
    resolution: {integrity: sha512-qsmN3V5fgtwdKARGLgwwHvcdLKursMd+YOt69eGpl1dUCJb8mCd7hZfyZnBYjxCegBG7qkJRQRUy2oO25yHcyQ==}
    engines: {node: '>=16.9.0'}

  typescript@5.6.3:
    resolution: {integrity: sha512-hjcS1mhfuyi4WW8IWtjP7brDrG2cuDZukyrYrSauoXGNgx0S7zceP07adYkJycEr56BOUTNPzbInooiN3fn1qw==}
    engines: {node: '>=14.17'}
    hasBin: true

  urlpattern-polyfill@8.0.2:
    resolution: {integrity: sha512-Qp95D4TPJl1kC9SKigDcqgyM2VDVO4RiJc2d4qe5GrYm+zbIQCWWKAFaJNQ4BhdFeDGwBmAxqJBwWSJDb9T3BQ==}

snapshots:

  '@netlify/blobs@8.1.0': {}

  '@netlify/functions@2.8.2':
    dependencies:
      '@netlify/serverless-functions-api': 1.26.1

  '@netlify/node-cookies@0.1.0': {}

  '@netlify/serverless-functions-api@1.26.1':
    dependencies:
      '@netlify/node-cookies': 0.1.0
      urlpattern-polyfill: 8.0.2

  '@total-typescript/tsconfig@1.0.4': {}

  '@upstash/redis@1.34.3':
    dependencies:
      crypto-js: 4.2.0

  crypto-js@4.2.0: {}

  hono@4.6.5: {}

  typescript@5.6.3: {}

  urlpattern-polyfill@8.0.2: {}
